
Microsoft Visual Studio Solution File, Format Version 12.00
# Visual Studio 15
VisualStudioVersion = 15.0.28010.2041
MinimumVisualStudioVersion = 10.0.40219.1
Project("{FAE04EC0-301F-11D3-BF4B-00C04F79EFBC}") = "MultiplyShiftRight", "MultiplyShiftRight\MultiplyShiftRight.csproj", "{ACAEE656-1C3A-49D9-9EE6-8B962D55EC05}"
EndProject
Project("{FAE04EC0-301F-11D3-BF4B-00C04F79EFBC}") = "AdderIEEE754FloatingPoint", "AdderIEEE754FloatingPoint\AdderIEEE754FloatingPoint.csproj", "{B12D93CA-0B24-4789-8E7F-B4D8E9698167}"
EndProject
Project("{FAE04EC0-301F-11D3-BF4B-00C04F79EFBC}") = "DivisionShiftLeft", "DivisionShiftLeft\DivisionShiftLeft.csproj", "{071DB842-6710-4CE0-BA78-50F5C944CFC8}"
EndProject
Global
	GlobalSection(SolutionConfigurationPlatforms) = preSolution
		Debug|Any CPU = Debug|Any CPU
		Release|Any CPU = Release|Any CPU
	EndGlobalSection
	GlobalSection(ProjectConfigurationPlatforms) = postSolution
		{ACAEE656-1C3A-49D9-9EE6-8B962D55EC05}.Debug|Any CPU.ActiveCfg = Debug|Any CPU
		{ACAEE656-1C3A-49D9-9EE6-8B962D55EC05}.Debug|Any CPU.Build.0 = Debug|Any CPU
		{ACAEE656-1C3A-49D9-9EE6-8B962D55EC05}.Release|Any CPU.ActiveCfg = Release|Any CPU
		{ACAEE656-1C3A-49D9-9EE6-8B962D55EC05}.Release|Any CPU.Build.0 = Release|Any CPU
		{B12D93CA-0B24-4789-8E7F-B4D8E9698167}.Debug|Any CPU.ActiveCfg = Debug|Any CPU
		{B12D93CA-0B24-4789-8E7F-B4D8E9698167}.Debug|Any CPU.Build.0 = Debug|Any CPU
		{B12D93CA-0B24-4789-8E7F-B4D8E9698167}.Release|Any CPU.ActiveCfg = Release|Any CPU
		{B12D93CA-0B24-4789-8E7F-B4D8E9698167}.Release|Any CPU.Build.0 = Release|Any CPU
		{071DB842-6710-4CE0-BA78-50F5C944CFC8}.Debug|Any CPU.ActiveCfg = Debug|Any CPU
		{071DB842-6710-4CE0-BA78-50F5C944CFC8}.Debug|Any CPU.Build.0 = Debug|Any CPU
		{071DB842-6710-4CE0-BA78-50F5C944CFC8}.Release|Any CPU.ActiveCfg = Release|Any CPU
		{071DB842-6710-4CE0-BA78-50F5C944CFC8}.Release|Any CPU.Build.0 = Release|Any CPU
	EndGlobalSection
	GlobalSection(SolutionProperties) = preSolution
		HideSolutionNode = FALSE
	EndGlobalSection
	GlobalSection(ExtensibilityGlobals) = postSolution
		SolutionGuid = {AA70283C-A37B-4202-A880-C6274309B402}
	EndGlobalSection
EndGlobal
